{
  "originHash" : "a87b535bfa458c726eb4753bb19183495572803d54c05f61e923085dfbb77986",
  "pins" : [
    {
      "identity" : "jinja",
      "kind" : "remoteSourceControl",
      "location" : "https://github.com/maiqingqiang/Jinja",
      "state" : {
        "revision" : "6dbe4c449469fb586d0f7339f900f0dd4d78b167",
        "version" : "1.0.6"
      }
    },
    {
      "identity" : "mlx-swift",
      "kind" : "remoteSourceControl",
      "location" : "https://github.com/ml-explore/mlx-swift",
      "state" : {
        "branch" : "main",
        "revision" : "c0871d7d2662181670289c8d8dc74c161e20889b"
      }
    },
    {
      "identity" : "swift-argument-parser",
      "kind" : "remoteSourceControl",
      "location" : "https://github.com/apple/swift-argument-parser.git",
      "state" : {
        "revision" : "41982a3656a71c768319979febd796c6fd111d5c",
        "version" : "1.5.0"
      }
    },
    {
      "identity" : "swift-numerics",
      "kind" : "remoteSourceControl",
      "location" : "https://github.com/apple/swift-numerics",
      "state" : {
        "revision" : "0a5bc04095a675662cf24757cc0640aa2204253b",
        "version" : "1.0.2"
      }
    },
    {
      "identity" : "swift-transformers",
      "kind" : "remoteSourceControl",
      "location" : "https://github.com/huggingface/swift-transformers",
      "state" : {
        "branch" : "main",
        "revision" : "d42fdae473c49ea216671da8caae58e102d28709"
      }
    }
  ],
  "version" : 3
}
